
Microsoft Visual Studio Solution File, Format Version 12.00
# Visual Studio 15
VisualStudioVersion = 15.0.28307.572
MinimumVisualStudioVersion = 10.0.40219.1
Project("{FAE04EC0-301F-11D3-BF4B-00C04F79EFBC}") = "Brainer.Android", "Brainer\Brainer.Android\Brainer.Android.csproj", "{E6193A36-F9D4-4C8B-BE51-AA44DB9D5351}"
EndProject
Project("{FAE04EC0-301F-11D3-BF4B-00C04F79EFBC}") = "Brainer.iOS", "Brainer\Brainer.iOS\Brainer.iOS.csproj", "{6C84B565-5FE3-46A0-AFFC-FDC9FF4CB679}"
EndProject
Project("{FAE04EC0-301F-11D3-BF4B-00C04F79EFBC}") = "Brainer", "Brainer\Brainer\Brainer.csproj", "{FD1DBB5D-C481-4782-8C5C-C22201F29740}"
EndProject
Global
	GlobalSection(SolutionConfigurationPlatforms) = preSolution
		Ad-Hoc|Any CPU = Ad-Hoc|Any CPU
		Ad-Hoc|iPhone = Ad-Hoc|iPhone
		Ad-Hoc|iPhoneSimulator = Ad-Hoc|iPhoneSimulator
		AppStore|Any CPU = AppStore|Any CPU
		AppStore|iPhone = AppStore|iPhone
		AppStore|iPhoneSimulator = AppStore|iPhoneSimulator
		Debug|Any CPU = Debug|Any CPU
		Debug|iPhone = Debug|iPhone
		Debug|iPhoneSimulator = Debug|iPhoneSimulator
		Release|Any CPU = Release|Any CPU
		Release|iPhone = Release|iPhone
		Release|iPhoneSimulator = Release|iPhoneSimulator
	EndGlobalSection
	GlobalSection(ProjectConfigurationPlatforms) = postSolution
		{E6193A36-F9D4-4C8B-BE51-AA44DB9D5351}.Ad-Hoc|Any CPU.ActiveCfg = Release|Any CPU
		{E6193A36-F9D4-4C8B-BE51-AA44DB9D5351}.Ad-Hoc|Any CPU.Build.0 = Release|Any CPU
		{E6193A36-F9D4-4C8B-BE51-AA44DB9D5351}.Ad-Hoc|Any CPU.Deploy.0 = Release|Any CPU
		{E6193A36-F9D4-4C8B-BE51-AA44DB9D5351}.Ad-Hoc|iPhone.ActiveCfg = Release|Any CPU
		{E6193A36-F9D4-4C8B-BE51-AA44DB9D5351}.Ad-Hoc|iPhone.Build.0 = Release|Any CPU
		{E6193A36-F9D4-4C8B-BE51-AA44DB9D5351}.Ad-Hoc|iPhone.Deploy.0 = Release|Any CPU
		{E6193A36-F9D4-4C8B-BE51-AA44DB9D5351}.Ad-Hoc|iPhoneSimulator.ActiveCfg = Release|Any CPU
		{E6193A36-F9D4-4C8B-BE51-AA44DB9D5351}.Ad-Hoc|iPhoneSimulator.Build.0 = Release|Any CPU
		{E6193A36-F9D4-4C8B-BE51-AA44DB9D5351}.Ad-Hoc|iPhoneSimulator.Deploy.0 = Release|Any CPU
		{E6193A36-F9D4-4C8B-BE51-AA44DB9D5351}.AppStore|Any CPU.ActiveCfg = Release|Any CPU
		{E6193A36-F9D4-4C8B-BE51-AA44DB9D5351}.AppStore|Any CPU.Build.0 = Release|Any CPU
		{E6193A36-F9D4-4C8B-BE51-AA44DB9D5351}.AppStore|Any CPU.Deploy.0 = Release|Any CPU
		{E6193A36-F9D4-4C8B-BE51-AA44DB9D5351}.AppStore|iPhone.ActiveCfg = Release|Any CPU
		{E6193A36-F9D4-4C8B-BE51-AA44DB9D5351}.AppStore|iPhone.Build.0 = Release|Any CPU
		{E6193A36-F9D4-4C8B-BE51-AA44DB9D5351}.AppStore|iPhone.Deploy.0 = Release|Any CPU
		{E6193A36-F9D4-4C8B-BE51-AA44DB9D5351}.AppStore|iPhoneSimulator.ActiveCfg = Release|Any CPU
		{E6193A36-F9D4-4C8B-BE51-AA44DB9D5351}.AppStore|iPhoneSimulator.Build.0 = Release|Any CPU
		{E6193A36-F9D4-4C8B-BE51-AA44DB9D5351}.AppStore|iPhoneSimulator.Deploy.0 = Release|Any CPU
		{E6193A36-F9D4-4C8B-BE51-AA44DB9D5351}.Debug|Any CPU.ActiveCfg = Debug|Any CPU
		{E6193A36-F9D4-4C8B-BE51-AA44DB9D5351}.Debug|Any CPU.Build.0 = Debug|Any CPU
		{E6193A36-F9D4-4C8B-BE51-AA44DB9D5351}.Debug|Any CPU.Deploy.0 = Debug|Any CPU
		{E6193A36-F9D4-4C8B-BE51-AA44DB9D5351}.Debug|iPhone.ActiveCfg = Debug|Any CPU
		{E6193A36-F9D4-4C8B-BE51-AA44DB9D5351}.Debug|iPhone.Build.0 = Debug|Any CPU
		{E6193A36-F9D4-4C8B-BE51-AA44DB9D5351}.Debug|iPhone.Deploy.0 = Debug|Any CPU
		{E6193A36-F9D4-4C8B-BE51-AA44DB9D5351}.Debug|iPhoneSimulator.ActiveCfg = Debug|Any CPU
		{E6193A36-F9D4-4C8B-BE51-AA44DB9D5351}.Debug|iPhoneSimulator.Build.0 = Debug|Any CPU
		{E6193A36-F9D4-4C8B-BE51-AA44DB9D5351}.Debug|iPhoneSimulator.Deploy.0 = Debug|Any CPU
		{E6193A36-F9D4-4C8B-BE51-AA44DB9D5351}.Release|Any CPU.ActiveCfg = Release|Any CPU
		{E6193A36-F9D4-4C8B-BE51-AA44DB9D5351}.Release|Any CPU.Build.0 = Release|Any CPU
		{E6193A36-F9D4-4C8B-BE51-AA44DB9D5351}.Release|Any CPU.Deploy.0 = Release|Any CPU
		{E6193A36-F9D4-4C8B-BE51-AA44DB9D5351}.Release|iPhone.ActiveCfg = Release|Any CPU
		{E6193A36-F9D4-4C8B-BE51-AA44DB9D5351}.Release|iPhone.Build.0 = Release|Any CPU
		{E6193A36-F9D4-4C8B-BE51-AA44DB9D5351}.Release|iPhone.Deploy.0 = Release|Any CPU
		{E6193A36-F9D4-4C8B-BE51-AA44DB9D5351}.Release|iPhoneSimulator.ActiveCfg = Release|Any CPU
		{E6193A36-F9D4-4C8B-BE51-AA44DB9D5351}.Release|iPhoneSimulator.Build.0 = Release|Any CPU
		{E6193A36-F9D4-4C8B-BE51-AA44DB9D5351}.Release|iPhoneSimulator.Deploy.0 = Release|Any CPU
		{6C84B565-5FE3-46A0-AFFC-FDC9FF4CB679}.Ad-Hoc|Any CPU.ActiveCfg = Ad-Hoc|iPhone
		{6C84B565-5FE3-46A0-AFFC-FDC9FF4CB679}.Ad-Hoc|Any CPU.Build.0 = Ad-Hoc|iPhone
		{6C84B565-5FE3-46A0-AFFC-FDC9FF4CB679}.Ad-Hoc|Any CPU.Deploy.0 = Ad-Hoc|iPhone
		{6C84B565-5FE3-46A0-AFFC-FDC9FF4CB679}.Ad-Hoc|iPhone.ActiveCfg = Ad-Hoc|iPhone
		{6C84B565-5FE3-46A0-AFFC-FDC9FF4CB679}.Ad-Hoc|iPhone.Build.0 = Ad-Hoc|iPhone
		{6C84B565-5FE3-46A0-AFFC-FDC9FF4CB679}.Ad-Hoc|iPhone.Deploy.0 = Ad-Hoc|iPhone
		{6C84B565-5FE3-46A0-AFFC-FDC9FF4CB679}.Ad-Hoc|iPhoneSimulator.ActiveCfg = Ad-Hoc|iPhoneSimulator
		{6C84B565-5FE3-46A0-AFFC-FDC9FF4CB679}.Ad-Hoc|iPhoneSimulator.Build.0 = Ad-Hoc|iPhoneSimulator
		{6C84B565-5FE3-46A0-AFFC-FDC9FF4CB679}.Ad-Hoc|iPhoneSimulator.Deploy.0 = Ad-Hoc|iPhoneSimulator
		{6C84B565-5FE3-46A0-AFFC-FDC9FF4CB679}.AppStore|Any CPU.ActiveCfg = AppStore|iPhone
		{6C84B565-5FE3-46A0-AFFC-FDC9FF4CB679}.AppStore|Any CPU.Build.0 = AppStore|iPhone
		{6C84B565-5FE3-46A0-AFFC-FDC9FF4CB679}.AppStore|Any CPU.Deploy.0 = AppStore|iPhone
		{6C84B565-5FE3-46A0-AFFC-FDC9FF4CB679}.AppStore|iPhone.ActiveCfg = AppStore|iPhone
		{6C84B565-5FE3-46A0-AFFC-FDC9FF4CB679}.AppStore|iPhone.Build.0 = AppStore|iPhone
		{6C84B565-5FE3-46A0-AFFC-FDC9FF4CB679}.AppStore|iPhone.Deploy.0 = AppStore|iPhone
		{6C84B565-5FE3-46A0-AFFC-FDC9FF4CB679}.AppStore|iPhoneSimulator.ActiveCfg = AppStore|iPhoneSimulator
		{6C84B565-5FE3-46A0-AFFC-FDC9FF4CB679}.AppStore|iPhoneSimulator.Build.0 = AppStore|iPhoneSimulator
		{6C84B565-5FE3-46A0-AFFC-FDC9FF4CB679}.AppStore|iPhoneSimulator.Deploy.0 = AppStore|iPhoneSimulator
		{6C84B565-5FE3-46A0-AFFC-FDC9FF4CB679}.Debug|Any CPU.ActiveCfg = Debug|iPhoneSimulator
		{6C84B565-5FE3-46A0-AFFC-FDC9FF4CB679}.Debug|Any CPU.Build.0 = Debug|iPhoneSimulator
		{6C84B565-5FE3-46A0-AFFC-FDC9FF4CB679}.Debug|Any CPU.Deploy.0 = Debug|iPhoneSimulator
		{6C84B565-5FE3-46A0-AFFC-FDC9FF4CB679}.Debug|iPhone.ActiveCfg = Debug|iPhone
		{6C84B565-5FE3-46A0-AFFC-FDC9FF4CB679}.Debug|iPhone.Build.0 = Debug|iPhone
		{6C84B565-5FE3-46A0-AFFC-FDC9FF4CB679}.Debug|iPhone.Deploy.0 = Debug|iPhone
		{6C84B565-5FE3-46A0-AFFC-FDC9FF4CB679}.Debug|iPhoneSimulator.ActiveCfg = Debug|iPhoneSimulator
		{6C84B565-5FE3-46A0-AFFC-FDC9FF4CB679}.Debug|iPhoneSimulator.Build.0 = Debug|iPhoneSimulator
		{6C84B565-5FE3-46A0-AFFC-FDC9FF4CB679}.Debug|iPhoneSimulator.Deploy.0 = Debug|iPhoneSimulator
		{6C84B565-5FE3-46A0-AFFC-FDC9FF4CB679}.Release|Any CPU.ActiveCfg = Release|iPhone
		{6C84B565-5FE3-46A0-AFFC-FDC9FF4CB679}.Release|Any CPU.Build.0 = Release|iPhone
		{6C84B565-5FE3-46A0-AFFC-FDC9FF4CB679}.Release|Any CPU.Deploy.0 = Release|iPhone
		{6C84B565-5FE3-46A0-AFFC-FDC9FF4CB679}.Release|iPhone.ActiveCfg = Release|iPhone
		{6C84B565-5FE3-46A0-AFFC-FDC9FF4CB679}.Release|iPhone.Build.0 = Release|iPhone
		{6C84B565-5FE3-46A0-AFFC-FDC9FF4CB679}.Release|iPhone.Deploy.0 = Release|iPhone
		{6C84B565-5FE3-46A0-AFFC-FDC9FF4CB679}.Release|iPhoneSimulator.ActiveCfg = Release|iPhoneSimulator
		{6C84B565-5FE3-46A0-AFFC-FDC9FF4CB679}.Release|iPhoneSimulator.Build.0 = Release|iPhoneSimulator
		{6C84B565-5FE3-46A0-AFFC-FDC9FF4CB679}.Release|iPhoneSimulator.Deploy.0 = Release|iPhoneSimulator
		{FD1DBB5D-C481-4782-8C5C-C22201F29740}.Ad-Hoc|Any CPU.ActiveCfg = Debug|Any CPU
		{FD1DBB5D-C481-4782-8C5C-C22201F29740}.Ad-Hoc|Any CPU.Build.0 = Debug|Any CPU
		{FD1DBB5D-C481-4782-8C5C-C22201F29740}.Ad-Hoc|Any CPU.Deploy.0 = Debug|Any CPU
		{FD1DBB5D-C481-4782-8C5C-C22201F29740}.Ad-Hoc|iPhone.ActiveCfg = Debug|Any CPU
		{FD1DBB5D-C481-4782-8C5C-C22201F29740}.Ad-Hoc|iPhone.Build.0 = Debug|Any CPU
		{FD1DBB5D-C481-4782-8C5C-C22201F29740}.Ad-Hoc|iPhone.Deploy.0 = Debug|Any CPU
		{FD1DBB5D-C481-4782-8C5C-C22201F29740}.Ad-Hoc|iPhoneSimulator.ActiveCfg = Debug|Any CPU
		{FD1DBB5D-C481-4782-8C5C-C22201F29740}.Ad-Hoc|iPhoneSimulator.Build.0 = Debug|Any CPU
		{FD1DBB5D-C481-4782-8C5C-C22201F29740}.Ad-Hoc|iPhoneSimulator.Deploy.0 = Debug|Any CPU
		{FD1DBB5D-C481-4782-8C5C-C22201F29740}.AppStore|Any CPU.ActiveCfg = Debug|Any CPU
		{FD1DBB5D-C481-4782-8C5C-C22201F29740}.AppStore|Any CPU.Build.0 = Debug|Any CPU
		{FD1DBB5D-C481-4782-8C5C-C22201F29740}.AppStore|Any CPU.Deploy.0 = Debug|Any CPU
		{FD1DBB5D-C481-4782-8C5C-C22201F29740}.AppStore|iPhone.ActiveCfg = Debug|Any CPU
		{FD1DBB5D-C481-4782-8C5C-C22201F29740}.AppStore|iPhone.Build.0 = Debug|Any CPU
		{FD1DBB5D-C481-4782-8C5C-C22201F29740}.AppStore|iPhone.Deploy.0 = Debug|Any CPU
		{FD1DBB5D-C481-4782-8C5C-C22201F29740}.AppStore|iPhoneSimulator.ActiveCfg = Debug|Any CPU
		{FD1DBB5D-C481-4782-8C5C-C22201F29740}.AppStore|iPhoneSimulator.Build.0 = Debug|Any CPU
		{FD1DBB5D-C481-4782-8C5C-C22201F29740}.AppStore|iPhoneSimulator.Deploy.0 = Debug|Any CPU
		{FD1DBB5D-C481-4782-8C5C-C22201F29740}.Debug|Any CPU.ActiveCfg = Debug|Any CPU
		{FD1DBB5D-C481-4782-8C5C-C22201F29740}.Debug|Any CPU.Build.0 = Debug|Any CPU
		{FD1DBB5D-C481-4782-8C5C-C22201F29740}.Debug|Any CPU.Deploy.0 = Debug|Any CPU
		{FD1DBB5D-C481-4782-8C5C-C22201F29740}.Debug|iPhone.ActiveCfg = Debug|Any CPU
		{FD1DBB5D-C481-4782-8C5C-C22201F29740}.Debug|iPhone.Build.0 = Debug|Any CPU
		{FD1DBB5D-C481-4782-8C5C-C22201F29740}.Debug|iPhone.Deploy.0 = Debug|Any CPU
		{FD1DBB5D-C481-4782-8C5C-C22201F29740}.Debug|iPhoneSimulator.ActiveCfg = Debug|Any CPU
		{FD1DBB5D-C481-4782-8C5C-C22201F29740}.Debug|iPhoneSimulator.Build.0 = Debug|Any CPU
		{FD1DBB5D-C481-4782-8C5C-C22201F29740}.Debug|iPhoneSimulator.Deploy.0 = Debug|Any CPU
		{FD1DBB5D-C481-4782-8C5C-C22201F29740}.Release|Any CPU.ActiveCfg = Release|Any CPU
		{FD1DBB5D-C481-4782-8C5C-C22201F29740}.Release|Any CPU.Build.0 = Release|Any CPU
		{FD1DBB5D-C481-4782-8C5C-C22201F29740}.Release|Any CPU.Deploy.0 = Release|Any CPU
		{FD1DBB5D-C481-4782-8C5C-C22201F29740}.Release|iPhone.ActiveCfg = Release|Any CPU
		{FD1DBB5D-C481-4782-8C5C-C22201F29740}.Release|iPhone.Build.0 = Release|Any CPU
		{FD1DBB5D-C481-4782-8C5C-C22201F29740}.Release|iPhone.Deploy.0 = Release|Any CPU
		{FD1DBB5D-C481-4782-8C5C-C22201F29740}.Release|iPhoneSimulator.ActiveCfg = Release|Any CPU
		{FD1DBB5D-C481-4782-8C5C-C22201F29740}.Release|iPhoneSimulator.Build.0 = Release|Any CPU
		{FD1DBB5D-C481-4782-8C5C-C22201F29740}.Release|iPhoneSimulator.Deploy.0 = Release|Any CPU
	EndGlobalSection
	GlobalSection(SolutionProperties) = preSolution
		HideSolutionNode = FALSE
	EndGlobalSection
	GlobalSection(ExtensibilityGlobals) = postSolution
		SolutionGuid = {69312DC7-E574-406F-9A90-F6ABCDFA66E7}
	EndGlobalSection
EndGlobal
